
Microsoft Visual Studio Solution File, Format Version 12.00
Project("{FAE04EC0-301F-11D3-BF4B-00C04F79EFBC}") = "GitHubActionsReportTests", "GitHubActionsReportTests\GitHubActionsReportTests.csproj", "{87C26110-6A41-4012-BC75-4B648AC2CC10}"
EndProject
Project("{FAE04EC0-301F-11D3-BF4B-00C04F79EFBC}") = "GitHubActionsReportTests.Tests", "GitHubActionsReportTests.Tests\GitHubActionsReportTests.Tests.csproj", "{8D822E57-1AC3-428B-86BD-E1CD6AED5D9A}"
EndProject
Global
	GlobalSection(SolutionConfigurationPlatforms) = preSolution
		Debug|Any CPU = Debug|Any CPU
		Release|Any CPU = Release|Any CPU
	EndGlobalSection
	GlobalSection(ProjectConfigurationPlatforms) = postSolution
		{87C26110-6A41-4012-BC75-4B648AC2CC10}.Debug|Any CPU.ActiveCfg = Debug|Any CPU
		{87C26110-6A41-4012-BC75-4B648AC2CC10}.Debug|Any CPU.Build.0 = Debug|Any CPU
		{87C26110-6A41-4012-BC75-4B648AC2CC10}.Release|Any CPU.ActiveCfg = Release|Any CPU
		{87C26110-6A41-4012-BC75-4B648AC2CC10}.Release|Any CPU.Build.0 = Release|Any CPU
		{8D822E57-1AC3-428B-86BD-E1CD6AED5D9A}.Debug|Any CPU.ActiveCfg = Debug|Any CPU
		{8D822E57-1AC3-428B-86BD-E1CD6AED5D9A}.Debug|Any CPU.Build.0 = Debug|Any CPU
		{8D822E57-1AC3-428B-86BD-E1CD6AED5D9A}.Release|Any CPU.ActiveCfg = Release|Any CPU
		{8D822E57-1AC3-428B-86BD-E1CD6AED5D9A}.Release|Any CPU.Build.0 = Release|Any CPU
	EndGlobalSection
EndGlobal
